// !$*UTF8*$!
{
	archiveVersion = 1;
	classes = {
	};
	objectVersion = 46;
	objects = {

/* Begin PBXBuildFile section */
		ED1853201CDB1CA300F818D5 /* main.m in Sources */ = {isa = PBXBuildFile; fileRef = ED18531F1CDB1CA300F818D5 /* main.m */; };
		ED1853231CDB1CA300F818D5 /* AppDelegate.m in Sources */ = {isa = PBXBuildFile; fileRef = ED1853221CDB1CA300F818D5 /* AppDelegate.m */; };
		ED1853261CDB1CA300F818D5 /* ViewController.m in Sources */ = {isa = PBXBuildFile; fileRef = ED1853251CDB1CA300F818D5 /* ViewController.m */; };
		ED1853291CDB1CA300F818D5 /* Main.storyboard in Resources */ = {isa = PBXBuildFile; fileRef = ED1853271CDB1CA300F818D5 /* Main.storyboard */; };
		ED18532B1CDB1CA300F818D5 /* Assets.xcassets in Resources */ = {isa = PBXBuildFile; fileRef = ED18532A1CDB1CA300F818D5 /* Assets.xcassets */; };
		ED18532E1CDB1CA300F818D5 /* LaunchScreen.storyboard in Resources */ = {isa = PBXBuildFile; fileRef = ED18532C1CDB1CA300F818D5 /* LaunchScreen.storyboard */; };
		ED1853371CDB1F7B00F818D5 /* WSHorizontalPickerView.m in Sources */ = {isa = PBXBuildFile; fileRef = ED1853361CDB1F7B00F818D5 /* WSHorizontalPickerView.m */; };
/* End PBXBuildFile section */

/* Begin PBXFileReference section */
		ED18531B1CDB1CA300F818D5 /* WSHorizontalPickerView.app */ = {isa = PBXFileReference; explicitFileType = wrapper.application; includeInIndex = 0; path = WSHorizontalPickerView.app; sourceTree = BUILT_PRODUCTS_DIR; };
		ED18531F1CDB1CA300F818D5 /* main.m */ = {isa = PBXFileReference; lastKnownFileType = sourcecode.c.objc; path = main.m; sourceTree = "<group>"; };
		ED1853211CDB1CA300F818D5 /* AppDelegate.h */ = {isa = PBXFileReference; lastKnownFileType = sourcecode.c.h; path = AppDelegate.h; sourceTree = "<group>"; };
		ED1853221CDB1CA300F818D5 /* AppDelegate.m */ = {isa = PBXFileReference; lastKnownFileType = sourcecode.c.objc; path = AppDelegate.m; sourceTree = "<group>"; };
		ED1853241CDB1CA300F818D5 /* ViewController.h */ = {isa = PBXFileReference; lastKnownFileType = sourcecode.c.h; path = ViewController.h; sourceTree = "<group>"; };
		ED1853251CDB1CA300F818D5 /* ViewController.m */ = {isa = PBXFileReference; lastKnownFileType = sourcecode.c.objc; path = ViewController.m; sourceTree = "<group>"; };
		ED1853281CDB1CA300F818D5 /* Base */ = {isa = PBXFileReference; lastKnownFileType = file.storyboard; name = Base; path = Base.lproj/Main.storyboard; sourceTree = "<group>"; };
		ED18532A1CDB1CA300F818D5 /* Assets.xcassets */ = {isa = PBXFileReference; lastKnownFileType = folder.assetcatalog; path = Assets.xcassets; sourceTree = "<group>"; };
		ED18532D1CDB1CA300F818D5 /* Base */ = {isa = PBXFileReference; lastKnownFileType = file.storyboard; name = Base; path = Base.lproj/LaunchScreen.storyboard; sourceTree = "<group>"; };
		ED18532F1CDB1CA300F818D5 /* Info.plist */ = {isa = PBXFileReference; lastKnownFileType = text.plist.xml; path = Info.plist; sourceTree = "<group>"; };
		ED1853351CDB1F7B00F818D5 /* WSHorizontalPickerView.h */ = {isa = PBXFileReference; fileEncoding = 4; lastKnownFileType = sourcecode.c.h; path = WSHorizontalPickerView.h; sourceTree = "<group>"; };
		ED1853361CDB1F7B00F818D5 /* WSHorizontalPickerView.m */ = {isa = PBXFileReference; fileEncoding = 4; lastKnownFileType = sourcecode.c.objc; path = WSHorizontalPickerView.m; sourceTree = "<group>"; };
/* End PBXFileReference section */

/* Begin PBXFrameworksBuildPhase section */
		ED1853181CDB1CA300F818D5 /* Frameworks */ = {
			isa = PBXFrameworksBuildPhase;
			buildActionMask = 2147483647;
			files = (
			);
			runOnlyForDeploymentPostprocessing = 0;
		};
/* End PBXFrameworksBuildPhase section */

/* Begin PBXGroup section */
		ED1853121CDB1CA300F818D5 = {
			isa = PBXGroup;
			children = (
				ED18531D1CDB1CA300F818D5 /* WSHorizontalPickerView */,
				ED18531C1CDB1CA300F818D5 /* Products */,
			);
			sourceTree = "<group>";
		};
		ED18531C1CDB1CA300F818D5 /* Products */ = {
			isa = PBXGroup;
			children = (
				ED18531B1CDB1CA300F818D5 /* WSHorizontalPickerView.app */,
			);
			name = Products;
			sourceTree = "<group>";
		};
		ED18531D1CDB1CA300F818D5 /* WSHorizontalPickerView */ = {
			isa = PBXGroup;
			children = (
				ED1853211CDB1CA300F818D5 /* AppDelegate.h */,
				ED1853221CDB1CA300F818D5 /* AppDelegate.m */,
				ED1853241CDB1CA300F818D5 /* ViewController.h */,
				ED1853251CDB1CA300F818D5 /* ViewController.m */,
				ED1853351CDB1F7B00F818D5 /* WSHorizontalPickerView.h */,
				ED1853361CDB1F7B00F818D5 /* WSHorizontalPickerView.m */,
				ED1853271CDB1CA300F818D5 /* Main.storyboard */,
				ED18532A1CDB1CA300F818D5 /* Assets.xcassets */,
				ED18532C1CDB1CA300F818D5 /* LaunchScreen.storyboard */,
				ED18532F1CDB1CA300F818D5 /* Info.plist */,
				ED18531E1CDB1CA300F818D5 /* Supporting Files */,
			);
			path = WSHorizontalPickerView;
			sourceTree = "<group>";
		};
		ED18531E1CDB1CA300F818D5 /* Supporting Files */ = {
			isa = PBXGroup;
			children = (
				ED18531F1CDB1CA300F818D5 /* main.m */,
			);
			name = "Supporting Files";
			sourceTree = "<group>";
		};
/* End PBXGroup section */

/* Begin PBXNativeTarget section */
		ED18531A1CDB1CA300F818D5 /* WSHorizontalPickerView */ = {
			isa = PBXNativeTarget;
			buildConfigurationList = ED1853321CDB1CA300F818D5 /* Build configuration list for PBXNativeTarget "WSHorizontalPickerView" */;
			buildPhases = (
				ED1853171CDB1CA300F818D5 /* Sources */,
				ED1853181CDB1CA300F818D5 /* Frameworks */,
				ED1853191CDB1CA300F818D5 /* Resources */,
			);
			buildRules = (
			);
			dependencies = (
			);
			name = WSHorizontalPickerView;
			productName = WSHorizontalPickerView;
			productReference = ED18531B1CDB1CA300F818D5 /* WSHorizontalPickerView.app */;
			productType = "com.apple.product-type.application";
		};
/* End PBXNativeTarget section */

/* Begin PBXProject section */
		ED1853131CDB1CA300F818D5 /* Project object */ = {
			isa = PBXProject;
			attributes = {
				LastUpgradeCheck = 0730;
				ORGANIZATIONNAME = wossoneri;
				TargetAttributes = {
					ED18531A1CDB1CA300F818D5 = {
						CreatedOnToolsVersion = 7.3;
						DevelopmentTeam = BL9NTM3XD4;
					};
				};
			};
			buildConfigurationList = ED1853161CDB1CA300F818D5 /* Build configuration list for PBXProject "WSHorizontalPickerView" */;
			compatibilityVersion = "Xcode 3.2";
			developmentRegion = English;
			hasScannedForEncodings = 0;
			knownRegions = (
				en,
				Base,
			);
			mainGroup = ED1853121CDB1CA300F818D5;
			productRefGroup = ED18531C1CDB1CA300F818D5 /* Products */;
			projectDirPath = "";
			projectRoot = "";
			targets = (
				ED18531A1CDB1CA300F818D5 /* WSHorizontalPickerView */,
			);
		};
/* End PBXProject section */

/* Begin PBXResourcesBuildPhase section */
		ED1853191CDB1CA300F818D5 /* Resources */ = {
			isa = PBXResourcesBuildPhase;
			buildActionMask = 2147483647;
			files = (
				ED18532E1CDB1CA300F818D5 /* LaunchScreen.storyboard in Resources */,
				ED18532B1CDB1CA300F818D5 /* Assets.xcassets in Resources */,
				ED1853291CDB1CA300F818D5 /* Main.storyboard in Resources */,
			);
			runOnlyForDeploymentPostprocessing = 0;
		};
/* End PBXResourcesBuildPhase section */

/* Begin PBXSourcesBuildPhase section */
		ED1853171CDB1CA300F818D5 /* Sources */ = {
			isa = PBXSourcesBuildPhase;
			buildActionMask = 2147483647;
			files = (
				ED1853261CDB1CA300F818D5 /* ViewController.m in Sources */,
				ED1853371CDB1F7B00F818D5 /* WSHorizontalPickerView.m in Sources */,
				ED1853231CDB1CA300F818D5 /* AppDelegate.m in Sources */,
				ED1853201CDB1CA300F818D5 /* main.m in Sources */,
			);
			runOnlyForDeploymentPostprocessing = 0;
		};
/* End PBXSourcesBuildPhase section */

/* Begin PBXVariantGroup section */
		ED1853271CDB1CA300F818D5 /* Main.storyboard */ = {
			isa = PBXVariantGroup;
			children = (
				ED1853281CDB1CA300F818D5 /* Base */,
			);
			name = Main.storyboard;
			sourceTree = "<group>";
		};
		ED18532C1CDB1CA300F818D5 /* LaunchScreen.storyboard */ = {
			isa = PBXVariantGroup;
			children = (
				ED18532D1CDB1CA300F818D5 /* Base */,
			);
			name = LaunchScreen.storyboard;
			sourceTree = "<group>";
		};
/* End PBXVariantGroup section */

/* Begin XCBuildConfiguration section */
		ED1853301CDB1CA300F818D5 /* Debug */ = {
			isa = XCBuildConfiguration;
			buildSettings = {
				ALWAYS_SEARCH_USER_PATHS = NO;
				CLANG_ANALYZER_NONNULL = YES;
				CLANG_CXX_LANGUAGE_STANDARD = "gnu++0x";
				CLANG_CXX_LIBRARY = "libc++";
				CLANG_ENABLE_MODULES = YES;
				CLANG_ENABLE_OBJC_ARC = YES;
				CLANG_WARN_BOOL_CONVERSION = YES;
				CLANG_WARN_CONSTANT_CONVERSION = YES;
				CLANG_WARN_DIRECT_OBJC_ISA_USAGE = YES_ERROR;
				CLANG_WARN_EMPTY_BODY = YES;
				CLANG_WARN_ENUM_CONVERSION = YES;
				CLANG_WARN_INT_CONVERSION = YES;
				CLANG_WARN_OBJC_ROOT_CLASS = YES_ERROR;
				CLANG_WARN_UNREACHABLE_CODE = YES;
				CLANG_WARN__DUPLICATE_METHOD_MATCH = YES;
				"CODE_SIGN_IDENTITY[sdk=iphoneos*]" = "iPhone Developer";
				COPY_PHASE_STRIP = NO;
				DEBUG_INFORMATION_FORMAT = dwarf;
				ENABLE_STRICT_OBJC_MSGSEND = YES;
				ENABLE_TESTABILITY = YES;
				GCC_C_LANGUAGE_STANDARD = gnu99;
				GCC_DYNAMIC_NO_PIC = NO;
				GCC_NO_COMMON_BLOCKS = YES;
				GCC_OPTIMIZATION_LEVEL = 0;
				GCC_PREPROCESSOR_DEFINITIONS = (
					"DEBUG=1",
					"$(inherited)",
				);
				GCC_WARN_64_TO_32_BIT_CONVERSION = YES;
				GCC_WARN_ABOUT_RETURN_TYPE = YES_ERROR;
				GCC_WARN_UNDECLARED_SELECTOR = YES;
				GCC_WARN_UNINITIALIZED_AUTOS = YES_AGGRESSIVE;
				GCC_WARN_UNUSED_FUNCTION = YES;
				GCC_WARN_UNUSED_VARIABLE = YES;
				IPHONEOS_DEPLOYMENT_TARGET = 9.3;
				MTL_ENABLE_DEBUG_INFO = YES;
				ONLY_ACTIVE_ARCH = YES;
				SDKROOT = iphoneos;
			};
			name = Debug;
		};
		ED1853311CDB1CA300F818D5 /* Release */ = {
			isa = XCBuildConfiguration;
			buildSettings = {
				ALWAYS_SEARCH_USER_PATHS = NO;
				CLANG_ANALYZER_NONNULL = YES;
				CLANG_CXX_LANGUAGE_STANDARD = "gnu++0x";
				CLANG_CXX_LIBRARY = "libc++";
				CLANG_ENABLE_MODULES = YES;
				CLANG_ENABLE_OBJC_ARC = YES;
				CLANG_WARN_BOOL_CONVERSION = YES;
				CLANG_WARN_CONSTANT_CONVERSION = YES;
				CLANG_WARN_DIRECT_OBJC_ISA_USAGE = YES_ERROR;
				CLANG_WARN_EMPTY_BODY = YES;
				CLANG_WARN_ENUM_CONVERSION = YES;
				CLANG_WARN_INT_CONVERSION = YES;
				CLANG_WARN_OBJC_ROOT_CLASS = YES_ERROR;
				CLANG_WARN_UNREACHABLE_CODE = YES;
				CLANG_WARN__DUPLICATE_METHOD_MATCH = YES;
				"CODE_SIGN_IDENTITY[sdk=iphoneos*]" = "iPhone Developer";
				COPY_PHASE_STRIP = NO;
				DEBUG_INFORMATION_FORMAT = "dwarf-with-dsym";
				ENABLE_NS_ASSERTIONS = NO;
				ENABLE_STRICT_OBJC_MSGSEND = YES;
				GCC_C_LANGUAGE_STANDARD = gnu99;
				GCC_NO_COMMON_BLOCKS = YES;
				GCC_WARN_64_TO_32_BIT_CONVERSION = YES;
				GCC_WARN_ABOUT_RETURN_TYPE = YES_ERROR;
				GCC_WARN_UNDECLARED_SELECTOR = YES;
				GCC_WARN_UNINITIALIZED_AUTOS = YES_AGGRESSIVE;
				GCC_WARN_UNUSED_FUNCTION = YES;
				GCC_WARN_UNUSED_VARIABLE = YES;
				IPHONEOS_DEPLOYMENT_TARGET = 9.3;
				MTL_ENABLE_DEBUG_INFO = NO;
				SDKROOT = iphoneos;
				VALIDATE_PRODUCT = YES;
			};
			name = Release;
		};
		ED1853331CDB1CA300F818D5 /* Debug */ = {
			isa = XCBuildConfiguration;
			buildSettings = {
				ASSETCATALOG_COMPILER_APPICON_NAME = AppIcon;
				CODE_SIGN_IDENTITY = "iPhone Developer";
				INFOPLIST_FILE = WSHorizontalPickerView/Info.plist;
				LD_RUNPATH_SEARCH_PATHS = "$(inherited) @executable_path/Frameworks";
				PRODUCT_BUNDLE_IDENTIFIER = com.magewell.WSHorizontalPickerView;
				PRODUCT_NAME = "$(TARGET_NAME)";
			};
			name = Debug;
		};
		ED1853341CDB1CA300F818D5 /* Release */ = {
			isa = XCBuildConfiguration;
			buildSettings = {
				ASSETCATALOG_COMPILER_APPICON_NAME = AppIcon;
				CODE_SIGN_IDENTITY = "iPhone Developer";
				INFOPLIST_FILE = WSHorizontalPickerView/Info.plist;
				LD_RUNPATH_SEARCH_PATHS = "$(inherited) @executable_path/Frameworks";
				PRODUCT_BUNDLE_IDENTIFIER = com.magewell.WSHorizontalPickerView;
				PRODUCT_NAME = "$(TARGET_NAME)";
			};
			name = Release;
		};
/* End XCBuildConfiguration section */

/* Begin XCConfigurationList section */
		ED1853161CDB1CA300F818D5 /* Build configuration list for PBXProject "WSHorizontalPickerView" */ = {
			isa = XCConfigurationList;
			buildConfigurations = (
				ED1853301CDB1CA300F818D5 /* Debug */,
				ED1853311CDB1CA300F818D5 /* Release */,
			);
			defaultConfigurationIsVisible = 0;
			defaultConfigurationName = Release;
		};
		ED1853321CDB1CA300F818D5 /* Build configuration list for PBXNativeTarget "WSHorizontalPickerView" */ = {
			isa = XCConfigurationList;
			buildConfigurations = (
				ED1853331CDB1CA300F818D5 /* Debug */,
				ED1853341CDB1CA300F818D5 /* Release */,
			);
			defaultConfigurationIsVisible = 0;
		};
/* End XCConfigurationList section */
	};
	rootObject = ED1853131CDB1CA300F818D5 /* Project object */;
}
